
Microsoft Visual Studio Solution File, Format Version 12.00
# Visual Studio Version 16
VisualStudioVersion = 16.0.30907.101
MinimumVisualStudioVersion = 10.0.40219.1
Project("{FAE04EC0-301F-11D3-BF4B-00C04F79EFBC}") = "Multiplication tables for loop", "Multiplication tables\Multiplication tables for loop.csproj", "{BE1A64E0-9F9F-44FC-9B3C-E5CE44ECDB5D}"
EndProject
Global
	GlobalSection(SolutionConfigurationPlatforms) = preSolution
		Debug|Any CPU = Debug|Any CPU
		Release|Any CPU = Release|Any CPU
	EndGlobalSection
	GlobalSection(ProjectConfigurationPlatforms) = postSolution
		{BE1A64E0-9F9F-44FC-9B3C-E5CE44ECDB5D}.Debug|Any CPU.ActiveCfg = Debug|Any CPU
		{BE1A64E0-9F9F-44FC-9B3C-E5CE44ECDB5D}.Debug|Any CPU.Build.0 = Debug|Any CPU
		{BE1A64E0-9F9F-44FC-9B3C-E5CE44ECDB5D}.Release|Any CPU.ActiveCfg = Release|Any CPU
		{BE1A64E0-9F9F-44FC-9B3C-E5CE44ECDB5D}.Release|Any CPU.Build.0 = Release|Any CPU
	EndGlobalSection
	GlobalSection(SolutionProperties) = preSolution
		HideSolutionNode = FALSE
	EndGlobalSection
	GlobalSection(ExtensibilityGlobals) = postSolution
		SolutionGuid = {8FA338AA-0FEA-46AB-85AE-EE7B4778E587}
	EndGlobalSection
EndGlobal
